Microsoft Visual Studio Solution File, Format Version 12.00
# Visual Studio 15
VisualStudioVersion = 15.0.27703.2042
MinimumVisualStudioVersion = 10.0.40219.1
Project("{8BC9CEB8-8B4A-11D0-8D11-00A0C91BC942}") = "appImmUnity", "..\..\appImmUnity\appImmUnity.vcxproj", "{F7CFEF5A-54BD-42E8-A59E-54ABAEB4EA9C}"
	ProjectSection(ProjectDependencies) = postProject
		{8EAD9F26-D871-4DF0-942A-43AF35B3DF0F} = {8EAD9F26-D871-4DF0-942A-43AF35B3DF0F}
		{B1FE1863-B1AA-49EC-B753-1DB111FDC272} = {B1FE1863-B1AA-49EC-B753-1DB111FDC272}
		{FEA47370-9405-48D1-AC8F-83BBA0006D7B} = {FEA47370-9405-48D1-AC8F-83BBA0006D7B}
		{A59B53C1-0D4A-47DE-B41F-11AB1E9428A8} = {A59B53C1-0D4A-47DE-B41F-11AB1E9428A8}
	EndProjectSection
EndProject
Project("{8BC9CEB8-8B4A-11D0-8D11-00A0C91BC942}") = "libImmPlayer", "..\..\libImmPlayer\libImmPlayer.vcxproj", "{8EAD9F26-D871-4DF0-942A-43AF35B3DF0F}"
	ProjectSection(ProjectDependencies) = postProject
		{B1FE1863-B1AA-49EC-B753-1DB111FDC272} = {B1FE1863-B1AA-49EC-B753-1DB111FDC272}
		{FEA47370-9405-48D1-AC8F-83BBA0006D7B} = {FEA47370-9405-48D1-AC8F-83BBA0006D7B}
		{A59B53C1-0D4A-47DE-B41F-11AB1E9428A8} = {A59B53C1-0D4A-47DE-B41F-11AB1E9428A8}
	EndProjectSection
EndProject
Project("{8BC9CEB8-8B4A-11D0-8D11-00A0C91BC942}") = "appImmViewer", "..\..\appImmViewer\appImmViewer.vcxproj", "{8FA5961B-3FD4-4401-8388-7785A6B4C47C}"
	ProjectSection(ProjectDependencies) = postProject
		{8EAD9F26-D871-4DF0-942A-43AF35B3DF0F} = {8EAD9F26-D871-4DF0-942A-43AF35B3DF0F}
		{B1FE1863-B1AA-49EC-B753-1DB111FDC272} = {B1FE1863-B1AA-49EC-B753-1DB111FDC272}
		{FEA47370-9405-48D1-AC8F-83BBA0006D7B} = {FEA47370-9405-48D1-AC8F-83BBA0006D7B}
		{A59B53C1-0D4A-47DE-B41F-11AB1E9428A8} = {A59B53C1-0D4A-47DE-B41F-11AB1E9428A8}
	EndProjectSection
EndProject
Project("{8BC9CEB8-8B4A-11D0-8D11-00A0C91BC942}") = "libImmImporter", "..\..\libImmImporter\libImmImporter.vcxproj", "{B1FE1863-B1AA-49EC-B753-1DB111FDC272}"
	ProjectSection(ProjectDependencies) = postProject
		{FEA47370-9405-48D1-AC8F-83BBA0006D7B} = {FEA47370-9405-48D1-AC8F-83BBA0006D7B}
	EndProjectSection
EndProject
Project("{8BC9CEB8-8B4A-11D0-8D11-00A0C91BC942}") = "libCore", "..\..\libCore\libCore.vcxproj", "{FEA47370-9405-48D1-AC8F-83BBA0006D7B}"
EndProject
Project("{8BC9CEB8-8B4A-11D0-8D11-00A0C91BC942}") = "libImmExporter", "..\..\libImmExporter\libImmExporter.vcxproj", "{301CBA33-29DE-4BBD-89D2-24ECABB5F622}"
EndProject
Project("{8BC9CEB8-8B4A-11D0-8D11-00A0C91BC942}") = "appDX11ShaderCompiler", "..\..\appDX11ShaderCompiler\appDX11ShaderCompiler.vcxproj", "{A59B53C1-0D4A-47DE-B41F-11AB1E9428A8}"
EndProject
Global
	GlobalSection(SolutionConfigurationPlatforms) = preSolution
		Debug|x64 = Debug|x64
		Debug|x86 = Debug|x86
		Release|x64 = Release|x64
		Release|x86 = Release|x86
	EndGlobalSection
	GlobalSection(ProjectConfigurationPlatforms) = postSolution
		{F7CFEF5A-54BD-42E8-A59E-54ABAEB4EA9C}.Debug|x64.ActiveCfg = Debug|x64
		{F7CFEF5A-54BD-42E8-A59E-54ABAEB4EA9C}.Debug|x64.Build.0 = Debug|x64
		{F7CFEF5A-54BD-42E8-A59E-54ABAEB4EA9C}.Debug|x86.ActiveCfg = Debug|x64
		{F7CFEF5A-54BD-42E8-A59E-54ABAEB4EA9C}.Release|x64.ActiveCfg = Release|x64
		{F7CFEF5A-54BD-42E8-A59E-54ABAEB4EA9C}.Release|x64.Build.0 = Release|x64
		{F7CFEF5A-54BD-42E8-A59E-54ABAEB4EA9C}.Release|x86.ActiveCfg = Release|x64
		{8EAD9F26-D871-4DF0-942A-43AF35B3DF0F}.Debug|x64.ActiveCfg = Debug|x64
		{8EAD9F26-D871-4DF0-942A-43AF35B3DF0F}.Debug|x64.Build.0 = Debug|x64
		{8EAD9F26-D871-4DF0-942A-43AF35B3DF0F}.Debug|x86.ActiveCfg = Debug|x64
		{8EAD9F26-D871-4DF0-942A-43AF35B3DF0F}.Release|x64.ActiveCfg = Release|x64
		{8EAD9F26-D871-4DF0-942A-43AF35B3DF0F}.Release|x64.Build.0 = Release|x64
		{8EAD9F26-D871-4DF0-942A-43AF35B3DF0F}.Release|x86.ActiveCfg = Release|x64
		{8FA5961B-3FD4-4401-8388-7785A6B4C47C}.Debug|x64.ActiveCfg = Debug|x64
		{8FA5961B-3FD4-4401-8388-7785A6B4C47C}.Debug|x64.Build.0 = Debug|x64
		{8FA5961B-3FD4-4401-8388-7785A6B4C47C}.Debug|x86.ActiveCfg = Debug|x64
		{8FA5961B-3FD4-4401-8388-7785A6B4C47C}.Release|x64.ActiveCfg = Release|x64
		{8FA5961B-3FD4-4401-8388-7785A6B4C47C}.Release|x64.Build.0 = Release|x64
		{8FA5961B-3FD4-4401-8388-7785A6B4C47C}.Release|x86.ActiveCfg = Release|x64
		{B1FE1863-B1AA-49EC-B753-1DB111FDC272}.Debug|x64.ActiveCfg = Debug|x64
		{B1FE1863-B1AA-49EC-B753-1DB111FDC272}.Debug|x64.Build.0 = Debug|x64
		{B1FE1863-B1AA-49EC-B753-1DB111FDC272}.Debug|x86.ActiveCfg = Debug|x64
		{B1FE1863-B1AA-49EC-B753-1DB111FDC272}.Release|x64.ActiveCfg = Release|x64
		{B1FE1863-B1AA-49EC-B753-1DB111FDC272}.Release|x64.Build.0 = Release|x64
		{B1FE1863-B1AA-49EC-B753-1DB111FDC272}.Release|x86.ActiveCfg = Release|x64
		{FEA47370-9405-48D1-AC8F-83BBA0006D7B}.Debug|x64.ActiveCfg = Debug|x64
		{FEA47370-9405-48D1-AC8F-83BBA0006D7B}.Debug|x64.Build.0 = Debug|x64
		{FEA47370-9405-48D1-AC8F-83BBA0006D7B}.Debug|x86.ActiveCfg = Debug|x64
		{FEA47370-9405-48D1-AC8F-83BBA0006D7B}.Release|x64.ActiveCfg = Release|x64
		{FEA47370-9405-48D1-AC8F-83BBA0006D7B}.Release|x64.Build.0 = Release|x64
		{FEA47370-9405-48D1-AC8F-83BBA0006D7B}.Release|x86.ActiveCfg = Release|x64
		{301CBA33-29DE-4BBD-89D2-24ECABB5F622}.Debug|x64.ActiveCfg = Debug|x64
		{301CBA33-29DE-4BBD-89D2-24ECABB5F622}.Debug|x64.Build.0 = Debug|x64
		{301CBA33-29DE-4BBD-89D2-24ECABB5F622}.Debug|x86.ActiveCfg = Debug|x64
		{301CBA33-29DE-4BBD-89D2-24ECABB5F622}.Release|x64.ActiveCfg = Release|x64
		{301CBA33-29DE-4BBD-89D2-24ECABB5F622}.Release|x64.Build.0 = Release|x64
		{301CBA33-29DE-4BBD-89D2-24ECABB5F622}.Release|x86.ActiveCfg = Release|x64
		{A59B53C1-0D4A-47DE-B41F-11AB1E9428A8}.Debug|x64.ActiveCfg = Debug|x64
		{A59B53C1-0D4A-47DE-B41F-11AB1E9428A8}.Debug|x64.Build.0 = Debug|x64
		{A59B53C1-0D4A-47DE-B41F-11AB1E9428A8}.Debug|x86.ActiveCfg = Debug|x64
		{A59B53C1-0D4A-47DE-B41F-11AB1E9428A8}.Release|x64.ActiveCfg = Release|x64
		{A59B53C1-0D4A-47DE-B41F-11AB1E9428A8}.Release|x64.Build.0 = Release|x64
		{A59B53C1-0D4A-47DE-B41F-11AB1E9428A8}.Release|x86.ActiveCfg = Release|x64
	EndGlobalSection
	GlobalSection(SolutionProperties) = preSolution
		HideSolutionNode = FALSE
	EndGlobalSection
	GlobalSection(ExtensibilityGlobals) = postSolution
		SolutionGuid = {4C3AD84E-B891-4945-B164-CF0F6C9AE34D}
	EndGlobalSection
EndGlobal
